// !$*UTF8*$!
{
	archiveVersion = 1;
	classes = {
	};
	objectVersion = 46;
	objects = {

/* Begin PBXBuildFile section */
		48BDB1D486B3F8BF8292878C /* Pods_Gourmai.framework in Frameworks */ = {isa = PBXBuildFile; fileRef = BF8FF78F5479D64299556096 /* Pods_Gourmai.framework */; };
		73E8CA271EFEB88900B2B8EA /* AppDelegate.swift in Sources */ = {isa = PBXBuildFile; fileRef = 73E8CA261EFEB88900B2B8EA /* AppDelegate.swift */; };
		73E8CA291EFEB88900B2B8EA /* ViewController.swift in Sources */ = {isa = PBXBuildFile; fileRef = 73E8CA281EFEB88900B2B8EA /* ViewController.swift */; };
		73E8CA2C1EFEB88900B2B8EA /* Main.storyboard in Resources */ = {isa = PBXBuildFile; fileRef = 73E8CA2A1EFEB88900B2B8EA /* Main.storyboard */; };
		73E8CA2E1EFEB88900B2B8EA /* Assets.xcassets in Resources */ = {isa = PBXBuildFile; fileRef = 73E8CA2D1EFEB88900B2B8EA /* Assets.xcassets */; };
		73E8CA311EFEB88900B2B8EA /* LaunchScreen.storyboard in Resources */ = {isa = PBXBuildFile; fileRef = 73E8CA2F1EFEB88900B2B8EA /* LaunchScreen.storyboard */; };
		73E8CA391EFEB9A300B2B8EA /* GoogleService-Info.plist in Resources */ = {isa = PBXBuildFile; fileRef = 73E8CA381EFEB9A300B2B8EA /* GoogleService-Info.plist */; };
/* End PBXBuildFile section */

/* Begin PBXFileReference section */
		6711497C268B12259B370F6B /* Pods-Gourmai.release.xcconfig */ = {isa = PBXFileReference; includeInIndex = 1; lastKnownFileType = text.xcconfig; name = "Pods-Gourmai.release.xcconfig"; path = "Pods/Target Support Files/Pods-Gourmai/Pods-Gourmai.release.xcconfig"; sourceTree = "<group>"; };
		73E8CA231EFEB88900B2B8EA /* Gourmai.app */ = {isa = PBXFileReference; explicitFileType = wrapper.application; includeInIndex = 0; path = Gourmai.app; sourceTree = BUILT_PRODUCTS_DIR; };
		73E8CA261EFEB88900B2B8EA /* AppDelegate.swift */ = {isa = PBXFileReference; lastKnownFileType = sourcecode.swift; path = AppDelegate.swift; sourceTree = "<group>"; };
		73E8CA281EFEB88900B2B8EA /* ViewController.swift */ = {isa = PBXFileReference; lastKnownFileType = sourcecode.swift; path = ViewController.swift; sourceTree = "<group>"; };
		73E8CA2B1EFEB88900B2B8EA /* Base */ = {isa = PBXFileReference; lastKnownFileType = file.storyboard; name = Base; path = Base.lproj/Main.storyboard; sourceTree = "<group>"; };
		73E8CA2D1EFEB88900B2B8EA /* Assets.xcassets */ = {isa = PBXFileReference; lastKnownFileType = folder.assetcatalog; path = Assets.xcassets; sourceTree = "<group>"; };
		73E8CA301EFEB88900B2B8EA /* Base */ = {isa = PBXFileReference; lastKnownFileType = file.storyboard; name = Base; path = Base.lproj/LaunchScreen.storyboard; sourceTree = "<group>"; };
		73E8CA321EFEB88900B2B8EA /* Info.plist */ = {isa = PBXFileReference; lastKnownFileType = text.plist.xml; path = Info.plist; sourceTree = "<group>"; };
		73E8CA381EFEB9A300B2B8EA /* GoogleService-Info.plist */ = {isa = PBXFileReference; fileEncoding = 4; lastKnownFileType = text.plist.xml; name = "GoogleService-Info.plist"; path = "../../../Downloads/GoogleService-Info.plist"; sourceTree = "<group>"; };
		B89B3E083EDFFE7188A2DEA2 /* Pods-Gourmai.debug.xcconfig */ = {isa = PBXFileReference; includeInIndex = 1; lastKnownFileType = text.xcconfig; name = "Pods-Gourmai.debug.xcconfig"; path = "Pods/Target Support Files/Pods-Gourmai/Pods-Gourmai.debug.xcconfig"; sourceTree = "<group>"; };
		BF8FF78F5479D64299556096 /* Pods_Gourmai.framework */ = {isa = PBXFileReference; explicitFileType = wrapper.framework; includeInIndex = 0; path = Pods_Gourmai.framework; sourceTree = BUILT_PRODUCTS_DIR; };
/* End PBXFileReference section */

/* Begin PBXFrameworksBuildPhase section */
		73E8CA201EFEB88900B2B8EA /* Frameworks */ = {
			isa = PBXFrameworksBuildPhase;
			buildActionMask = 2147483647;
			files = (
				48BDB1D486B3F8BF8292878C /* Pods_Gourmai.framework in Frameworks */,
			);
			runOnlyForDeploymentPostprocessing = 0;
		};
/* End PBXFrameworksBuildPhase section */

/* Begin PBXGroup section */
		00D1DE7D8BB5A77664F0821B /* Pods */ = {
			isa = PBXGroup;
			children = (
				B89B3E083EDFFE7188A2DEA2 /* Pods-Gourmai.debug.xcconfig */,
				6711497C268B12259B370F6B /* Pods-Gourmai.release.xcconfig */,
			);
			name = Pods;
			sourceTree = "<group>";
		};
		242CA0C03D0D2CD77154C29D /* Frameworks */ = {
			isa = PBXGroup;
			children = (
				BF8FF78F5479D64299556096 /* Pods_Gourmai.framework */,
			);
			name = Frameworks;
			sourceTree = "<group>";
		};
		73E8CA1A1EFEB88900B2B8EA = {
			isa = PBXGroup;
			children = (
				73E8CA251EFEB88900B2B8EA /* Gourmai */,
				73E8CA241EFEB88900B2B8EA /* Products */,
				00D1DE7D8BB5A77664F0821B /* Pods */,
				242CA0C03D0D2CD77154C29D /* Frameworks */,
			);
			sourceTree = "<group>";
		};
		73E8CA241EFEB88900B2B8EA /* Products */ = {
			isa = PBXGroup;
			children = (
				73E8CA231EFEB88900B2B8EA /* Gourmai.app */,
			);
			name = Products;
			sourceTree = "<group>";
		};
		73E8CA251EFEB88900B2B8EA /* Gourmai */ = {
			isa = PBXGroup;
			children = (
				73E8CA261EFEB88900B2B8EA /* AppDelegate.swift */,
				73E8CA281EFEB88900B2B8EA /* ViewController.swift */,
				73E8CA2A1EFEB88900B2B8EA /* Main.storyboard */,
				73E8CA2D1EFEB88900B2B8EA /* Assets.xcassets */,
				73E8CA2F1EFEB88900B2B8EA /* LaunchScreen.storyboard */,
				73E8CA321EFEB88900B2B8EA /* Info.plist */,
				73E8CA381EFEB9A300B2B8EA /* GoogleService-Info.plist */,
			);
			path = Gourmai;
			sourceTree = "<group>";
		};
/* End PBXGroup section */

/* Begin PBXNativeTarget section */
		73E8CA221EFEB88900B2B8EA /* Gourmai */ = {
			isa = PBXNativeTarget;
			buildConfigurationList = 73E8CA351EFEB88900B2B8EA /* Build configuration list for PBXNativeTarget "Gourmai" */;
			buildPhases = (
				A4E45527ECEEFC89207D0366 /* [CP] Check Pods Manifest.lock */,
				73E8CA1F1EFEB88900B2B8EA /* Sources */,
				73E8CA201EFEB88900B2B8EA /* Frameworks */,
				73E8CA211EFEB88900B2B8EA /* Resources */,
				0D06AA2251E177713FA37418 /* [CP] Embed Pods Frameworks */,
				6947EA6887952886030CF60F /* [CP] Copy Pods Resources */,
			);
			buildRules = (
			);
			dependencies = (
			);
			name = Gourmai;
			productName = Gourmai;
			productReference = 73E8CA231EFEB88900B2B8EA /* Gourmai.app */;
			productType = "com.apple.product-type.application";
		};
/* End PBXNativeTarget section */

/* Begin PBXProject section */
		73E8CA1B1EFEB88900B2B8EA /* Project object */ = {
			isa = PBXProject;
			attributes = {
				LastSwiftUpdateCheck = 0830;
				LastUpgradeCheck = 0830;
				ORGANIZATIONNAME = "Zack Esm";
				TargetAttributes = {
					73E8CA221EFEB88900B2B8EA = {
						CreatedOnToolsVersion = 8.3.3;
						ProvisioningStyle = Automatic;
					};
				};
			};
			buildConfigurationList = 73E8CA1E1EFEB88900B2B8EA /* Build configuration list for PBXProject "Gourmai" */;
			compatibilityVersion = "Xcode 3.2";
			developmentRegion = English;
			hasScannedForEncodings = 0;
			knownRegions = (
				en,
				Base,
			);
			mainGroup = 73E8CA1A1EFEB88900B2B8EA;
			productRefGroup = 73E8CA241EFEB88900B2B8EA /* Products */;
			projectDirPath = "";
			projectRoot = "";
			targets = (
				73E8CA221EFEB88900B2B8EA /* Gourmai */,
			);
		};
/* End PBXProject section */

/* Begin PBXResourcesBuildPhase section */
		73E8CA211EFEB88900B2B8EA /* Resources */ = {
			isa = PBXResourcesBuildPhase;
			buildActionMask = 2147483647;
			files = (
				73E8CA311EFEB88900B2B8EA /* LaunchScreen.storyboard in Resources */,
				73E8CA391EFEB9A300B2B8EA /* GoogleService-Info.plist in Resources */,
				73E8CA2E1EFEB88900B2B8EA /* Assets.xcassets in Resources */,
				73E8CA2C1EFEB88900B2B8EA /* Main.storyboard in Resources */,
			);
			runOnlyForDeploymentPostprocessing = 0;
		};
/* End PBXResourcesBuildPhase section */

/* Begin PBXShellScriptBuildPhase section */
		0D06AA2251E177713FA37418 /* [CP] Embed Pods Frameworks */ = {
			isa = PBXShellScriptBuildPhase;
			buildActionMask = 2147483647;
			files = (
			);
			inputPaths = (
			);
			name = "[CP] Embed Pods Frameworks";
			outputPaths = (
			);
			runOnlyForDeploymentPostprocessing = 0;
			shellPath = /bin/sh;
			shellScript = "\"${SRCROOT}/Pods/Target Support Files/Pods-Gourmai/Pods-Gourmai-frameworks.sh\"\n";
			showEnvVarsInLog = 0;
		};
		6947EA6887952886030CF60F /* [CP] Copy Pods Resources */ = {
			isa = PBXShellScriptBuildPhase;
			buildActionMask = 2147483647;
			files = (
			);
			inputPaths = (
			);
			name = "[CP] Copy Pods Resources";
			outputPaths = (
			);
			runOnlyForDeploymentPostprocessing = 0;
			shellPath = /bin/sh;
			shellScript = "\"${SRCROOT}/Pods/Target Support Files/Pods-Gourmai/Pods-Gourmai-resources.sh\"\n";
			showEnvVarsInLog = 0;
		};
		A4E45527ECEEFC89207D0366 /* [CP] Check Pods Manifest.lock */ = {
			isa = PBXShellScriptBuildPhase;
			buildActionMask = 2147483647;
			files = (
			);
			inputPaths = (
			);
			name = "[CP] Check Pods Manifest.lock";
			outputPaths = (
			);
			runOnlyForDeploymentPostprocessing = 0;
			shellPath = /bin/sh;
			shellScript = "diff \"${PODS_PODFILE_DIR_PATH}/Podfile.lock\" \"${PODS_ROOT}/Manifest.lock\" > /dev/null\nif [ $? != 0 ] ; then\n    # print error to STDERR\n    echo \"error: The sandbox is not in sync with the Podfile.lock. Run 'pod install' or update your CocoaPods installation.\" >&2\n    exit 1\nfi\n";
			showEnvVarsInLog = 0;
		};
/* End PBXShellScriptBuildPhase section */

/* Begin PBXSourcesBuildPhase section */
		73E8CA1F1EFEB88900B2B8EA /* Sources */ = {
			isa = PBXSourcesBuildPhase;
			buildActionMask = 2147483647;
			files = (
				73E8CA291EFEB88900B2B8EA /* ViewController.swift in Sources */,
				73E8CA271EFEB88900B2B8EA /* AppDelegate.swift in Sources */,
			);
			runOnlyForDeploymentPostprocessing = 0;
		};
/* End PBXSourcesBuildPhase section */

/* Begin PBXVariantGroup section */
		73E8CA2A1EFEB88900B2B8EA /* Main.storyboard */ = {
			isa = PBXVariantGroup;
			children = (
				73E8CA2B1EFEB88900B2B8EA /* Base */,
			);
			name = Main.storyboard;
			sourceTree = "<group>";
		};
		73E8CA2F1EFEB88900B2B8EA /* LaunchScreen.storyboard */ = {
			isa = PBXVariantGroup;
			children = (
				73E8CA301EFEB88900B2B8EA /* Base */,
			);
			name = LaunchScreen.storyboard;
			sourceTree = "<group>";
		};
/* End PBXVariantGroup section */

/* Begin XCBuildConfiguration section */
		73E8CA331EFEB88900B2B8EA /* Debug */ = {
			isa = XCBuildConfiguration;
			buildSettings = {
				ALWAYS_SEARCH_USER_PATHS = NO;
				CLANG_ANALYZER_NONNULL = YES;
				CLANG_ANALYZER_NUMBER_OBJECT_CONVERSION = YES_AGGRESSIVE;
				CLANG_CXX_LANGUAGE_STANDARD = "gnu++0x";
				CLANG_CXX_LIBRARY = "libc++";
				CLANG_ENABLE_MODULES = YES;
				CLANG_ENABLE_OBJC_ARC = YES;
				CLANG_WARN_BOOL_CONVERSION = YES;
				CLANG_WARN_CONSTANT_CONVERSION = YES;
				CLANG_WARN_DIRECT_OBJC_ISA_USAGE = YES_ERROR;
				CLANG_WARN_DOCUMENTATION_COMMENTS = YES;
				CLANG_WARN_EMPTY_BODY = YES;
				CLANG_WARN_ENUM_CONVERSION = YES;
				CLANG_WARN_INFINITE_RECURSION = YES;
				CLANG_WARN_INT_CONVERSION = YES;
				CLANG_WARN_OBJC_ROOT_CLASS = YES_ERROR;
				CLANG_WARN_SUSPICIOUS_MOVE = YES;
				CLANG_WARN_UNREACHABLE_CODE = YES;
				CLANG_WARN__DUPLICATE_METHOD_MATCH = YES;
				"CODE_SIGN_IDENTITY[sdk=iphoneos*]" = "iPhone Developer";
				COPY_PHASE_STRIP = NO;
				DEBUG_INFORMATION_FORMAT = dwarf;
				ENABLE_STRICT_OBJC_MSGSEND = YES;
				ENABLE_TESTABILITY = YES;
				GCC_C_LANGUAGE_STANDARD = gnu99;
				GCC_DYNAMIC_NO_PIC = NO;
				GCC_NO_COMMON_BLOCKS = YES;
				GCC_OPTIMIZATION_LEVEL = 0;
				GCC_PREPROCESSOR_DEFINITIONS = (
					"DEBUG=1",
					"$(inherited)",
				);
				GCC_WARN_64_TO_32_BIT_CONVERSION = YES;
				GCC_WARN_ABOUT_RETURN_TYPE = YES_ERROR;
				GCC_WARN_UNDECLARED_SELECTOR = YES;
				GCC_WARN_UNINITIALIZED_AUTOS = YES_AGGRESSIVE;
				GCC_WARN_UNUSED_FUNCTION = YES;
				GCC_WARN_UNUSED_VARIABLE = YES;
				IPHONEOS_DEPLOYMENT_TARGET = 10.3;
				MTL_ENABLE_DEBUG_INFO = YES;
				ONLY_ACTIVE_ARCH = YES;
				SDKROOT = iphoneos;
				SWIFT_ACTIVE_COMPILATION_CONDITIONS = DEBUG;
				SWIFT_OPTIMIZATION_LEVEL = "-Onone";
			};
			name = Debug;
		};
		73E8CA341EFEB88900B2B8EA /* Release */ = {
			isa = XCBuildConfiguration;
			buildSettings = {
				ALWAYS_SEARCH_USER_PATHS = NO;
				CLANG_ANALYZER_NONNULL = YES;
				CLANG_ANALYZER_NUMBER_OBJECT_CONVERSION = YES_AGGRESSIVE;
				CLANG_CXX_LANGUAGE_STANDARD = "gnu++0x";
				CLANG_CXX_LIBRARY = "libc++";
				CLANG_ENABLE_MODULES = YES;
				CLANG_ENABLE_OBJC_ARC = YES;
				CLANG_WARN_BOOL_CONVERSION = YES;
				CLANG_WARN_CONSTANT_CONVERSION = YES;
				CLANG_WARN_DIRECT_OBJC_ISA_USAGE = YES_ERROR;
				CLANG_WARN_DOCUMENTATION_COMMENTS = YES;
				CLANG_WARN_EMPTY_BODY = YES;
				CLANG_WARN_ENUM_CONVERSION = YES;
				CLANG_WARN_INFINITE_RECURSION = YES;
				CLANG_WARN_INT_CONVERSION = YES;
				CLANG_WARN_OBJC_ROOT_CLASS = YES_ERROR;
				CLANG_WARN_SUSPICIOUS_MOVE = YES;
				CLANG_WARN_UNREACHABLE_CODE = YES;
				CLANG_WARN__DUPLICATE_METHOD_MATCH = YES;
				"CODE_SIGN_IDENTITY[sdk=iphoneos*]" = "iPhone Developer";
				COPY_PHASE_STRIP = NO;
				DEBUG_INFORMATION_FORMAT = "dwarf-with-dsym";
				ENABLE_NS_ASSERTIONS = NO;
				ENABLE_STRICT_OBJC_MSGSEND = YES;
				GCC_C_LANGUAGE_STANDARD = gnu99;
				GCC_NO_COMMON_BLOCKS = YES;
				GCC_WARN_64_TO_32_BIT_CONVERSION = YES;
				GCC_WARN_ABOUT_RETURN_TYPE = YES_ERROR;
				GCC_WARN_UNDECLARED_SELECTOR = YES;
				GCC_WARN_UNINITIALIZED_AUTOS = YES_AGGRESSIVE;
				GCC_WARN_UNUSED_FUNCTION = YES;
				GCC_WARN_UNUSED_VARIABLE = YES;
				IPHONEOS_DEPLOYMENT_TARGET = 10.3;
				MTL_ENABLE_DEBUG_INFO = NO;
				SDKROOT = iphoneos;
				SWIFT_OPTIMIZATION_LEVEL = "-Owholemodule";
				VALIDATE_PRODUCT = YES;
			};
			name = Release;
		};
		73E8CA361EFEB88900B2B8EA /* Debug */ = {
			isa = XCBuildConfiguration;
			baseConfigurationReference = B89B3E083EDFFE7188A2DEA2 /* Pods-Gourmai.debug.xcconfig */;
			buildSettings = {
				ASSETCATALOG_COMPILER_APPICON_NAME = AppIcon;
				INFOPLIST_FILE = Gourmai/Info.plist;
				LD_RUNPATH_SEARCH_PATHS = "$(inherited) @executable_path/Frameworks";
				PRODUCT_BUNDLE_IDENTIFIER = HackReactor.Gourmai;
				PRODUCT_NAME = "$(TARGET_NAME)";
				SWIFT_VERSION = 3.0;
			};
			name = Debug;
		};
		73E8CA371EFEB88900B2B8EA /* Release */ = {
			isa = XCBuildConfiguration;
			baseConfigurationReference = 6711497C268B12259B370F6B /* Pods-Gourmai.release.xcconfig */;
			buildSettings = {
				ASSETCATALOG_COMPILER_APPICON_NAME = AppIcon;
				INFOPLIST_FILE = Gourmai/Info.plist;
				LD_RUNPATH_SEARCH_PATHS = "$(inherited) @executable_path/Frameworks";
				PRODUCT_BUNDLE_IDENTIFIER = HackReactor.Gourmai;
				PRODUCT_NAME = "$(TARGET_NAME)";
				SWIFT_VERSION = 3.0;
			};
			name = Release;
		};
/* End XCBuildConfiguration section */

/* Begin XCConfigurationList section */
		73E8CA1E1EFEB88900B2B8EA /* Build configuration list for PBXProject "Gourmai" */ = {
			isa = XCConfigurationList;
			buildConfigurations = (
				73E8CA331EFEB88900B2B8EA /* Debug */,
				73E8CA341EFEB88900B2B8EA /* Release */,
			);
			defaultConfigurationIsVisible = 0;
			defaultConfigurationName = Release;
		};
		73E8CA351EFEB88900B2B8EA /* Build configuration list for PBXNativeTarget "Gourmai" */ = {
			isa = XCConfigurationList;
			buildConfigurations = (
				73E8CA361EFEB88900B2B8EA /* Debug */,
				73E8CA371EFEB88900B2B8EA /* Release */,
			);
			defaultConfigurationIsVisible = 0;
		};
/* End XCConfigurationList section */
	};
	rootObject = 73E8CA1B1EFEB88900B2B8EA /* Project object */;
}
